
Microsoft Visual Studio Solution File, Format Version 12.00
# Visual Studio 15
Project("{FAE04EC0-301F-11D3-BF4B-00C04F79EFBC}") = "Incent", "Assembly-CSharp.csproj", "{9E0C8438-1672-AA8C-C459-B168884A9C3F}"
EndProject
Project("{FAE04EC0-301F-11D3-BF4B-00C04F79EFBC}") = "Incent", "Assembly-CSharp-firstpass.csproj", "{A590D19E-D05E-AD56-6587-47EB5E0EC994}"
EndProject
Global
	GlobalSection(SolutionConfigurationPlatforms) = preSolution
		Debug|Any CPU = Debug|Any CPU
		Release|Any CPU = Release|Any CPU
	EndGlobalSection
	GlobalSection(ProjectConfigurationPlatforms) = postSolution
		{9E0C8438-1672-AA8C-C459-B168884A9C3F}.Debug|Any CPU.ActiveCfg = Debug|Any CPU
		{9E0C8438-1672-AA8C-C459-B168884A9C3F}.Debug|Any CPU.Build.0 = Debug|Any CPU
		{9E0C8438-1672-AA8C-C459-B168884A9C3F}.Release|Any CPU.ActiveCfg = Release|Any CPU
		{9E0C8438-1672-AA8C-C459-B168884A9C3F}.Release|Any CPU.Build.0 = Release|Any CPU
		{A590D19E-D05E-AD56-6587-47EB5E0EC994}.Debug|Any CPU.ActiveCfg = Debug|Any CPU
		{A590D19E-D05E-AD56-6587-47EB5E0EC994}.Debug|Any CPU.Build.0 = Debug|Any CPU
		{A590D19E-D05E-AD56-6587-47EB5E0EC994}.Release|Any CPU.ActiveCfg = Release|Any CPU
		{A590D19E-D05E-AD56-6587-47EB5E0EC994}.Release|Any CPU.Build.0 = Release|Any CPU
	EndGlobalSection
	GlobalSection(SolutionProperties) = preSolution
		HideSolutionNode = FALSE
	EndGlobalSection
EndGlobal
